
Microsoft Visual Studio Solution File, Format Version 12.00
# Visual Studio Version 17
VisualStudioVersion = 17.5.002.0
MinimumVisualStudioVersion = 10.0.40219.1
Project("{9A19103F-16F7-4668-BE54-9A1E7A4F7556}") = "Grupo2A", "Grupo2A\Grupo2A.csproj", "{9BB34717-4ECD-4F99-A9E0-77F2775C6EA2}"
EndProject
Global
	GlobalSection(SolutionConfigurationPlatforms) = preSolution
		Debug|Any CPU = Debug|Any CPU
		Release|Any CPU = Release|Any CPU
	EndGlobalSection
	GlobalSection(ProjectConfigurationPlatforms) = postSolution
		{9BB34717-4ECD-4F99-A9E0-77F2775C6EA2}.Debug|Any CPU.ActiveCfg = Debug|Any CPU
		{9BB34717-4ECD-4F99-A9E0-77F2775C6EA2}.Debug|Any CPU.Build.0 = Debug|Any CPU
		{9BB34717-4ECD-4F99-A9E0-77F2775C6EA2}.Release|Any CPU.ActiveCfg = Release|Any CPU
		{9BB34717-4ECD-4F99-A9E0-77F2775C6EA2}.Release|Any CPU.Build.0 = Release|Any CPU
	EndGlobalSection
	GlobalSection(SolutionProperties) = preSolution
		HideSolutionNode = FALSE
	EndGlobalSection
	GlobalSection(ExtensibilityGlobals) = postSolution
		SolutionGuid = {D712664C-8742-4231-9DB3-D0E13FAD1192}
	EndGlobalSection
EndGlobal
